// !$*UTF8*$!
{
	archiveVersion = 1;
	classes = {
	};
	objectVersion = 50;
	objects = {

/* Begin PBXBuildFile section */
		A0FB4053222517090052EA32 /* AppDelegate.swift in Sources */ = {isa = PBXBuildFile; fileRef = A0FB4052222517090052EA32 /* AppDelegate.swift */; };
		A0FB4055222517090052EA32 /* ViewController.swift in Sources */ = {isa = PBXBuildFile; fileRef = A0FB4054222517090052EA32 /* ViewController.swift */; };
		A0FB4058222517090052EA32 /* Main.storyboard in Resources */ = {isa = PBXBuildFile; fileRef = A0FB4056222517090052EA32 /* Main.storyboard */; };
		A0FB405A2225170B0052EA32 /* Assets.xcassets in Resources */ = {isa = PBXBuildFile; fileRef = A0FB40592225170B0052EA32 /* Assets.xcassets */; };
		A0FB405D2225170B0052EA32 /* LaunchScreen.storyboard in Resources */ = {isa = PBXBuildFile; fileRef = A0FB405B2225170B0052EA32 /* LaunchScreen.storyboard */; };
		A0FB409122251B400052EA32 /* DepartmentListVC.swift in Sources */ = {isa = PBXBuildFile; fileRef = A0FB409022251B400052EA32 /* DepartmentListVC.swift */; };
		A0FB409322251B6F0052EA32 /* EmployeeListVC.swift in Sources */ = {isa = PBXBuildFile; fileRef = A0FB409222251B6F0052EA32 /* EmployeeListVC.swift */; };
		A0FB409522251F690052EA32 /* hr.sqlite in Resources */ = {isa = PBXBuildFile; fileRef = A0FB409422251F690052EA32 /* hr.sqlite */; };
		A0FB4097222520040052EA32 /* DepartmentDAO.swift in Sources */ = {isa = PBXBuildFile; fileRef = A0FB4096222520040052EA32 /* DepartmentDAO.swift */; };
		A0FB40992225340D0052EA32 /* EmployeeDAO.swift in Sources */ = {isa = PBXBuildFile; fileRef = A0FB40982225340D0052EA32 /* EmployeeDAO.swift */; };
		A0FB75512226620600765CB1 /* DepartPickerVC.swift in Sources */ = {isa = PBXBuildFile; fileRef = A0FB75502226620600765CB1 /* DepartPickerVC.swift */; };
		A0FB75532226779E00765CB1 /* DepartmentInfoVC.swift in Sources */ = {isa = PBXBuildFile; fileRef = A0FB75522226779E00765CB1 /* DepartmentInfoVC.swift */; };
		A0FB75612226A63B00765CB1 /* libsqlite3.tbd in Frameworks */ = {isa = PBXBuildFile; fileRef = A0FB75602226A63B00765CB1 /* libsqlite3.tbd */; };
		A0FB756E2226A68700765CB1 /* FMResultSet.m in Sources */ = {isa = PBXBuildFile; fileRef = A0FB75652226A68700765CB1 /* FMResultSet.m */; };
		A0FB756F2226A68700765CB1 /* FMDatabase.m in Sources */ = {isa = PBXBuildFile; fileRef = A0FB75662226A68700765CB1 /* FMDatabase.m */; };
		A0FB75702226A68700765CB1 /* FMDatabasePool.m in Sources */ = {isa = PBXBuildFile; fileRef = A0FB75672226A68700765CB1 /* FMDatabasePool.m */; };
		A0FB75712226A68700765CB1 /* FMDatabaseAdditions.m in Sources */ = {isa = PBXBuildFile; fileRef = A0FB75692226A68700765CB1 /* FMDatabaseAdditions.m */; };
		A0FB75722226A68700765CB1 /* FMDatabaseQueue.m in Sources */ = {isa = PBXBuildFile; fileRef = A0FB756D2226A68700765CB1 /* FMDatabaseQueue.m */; };
/* End PBXBuildFile section */

/* Begin PBXFileReference section */
		A0FB404F222517090052EA32 /* HumanResources.app */ = {isa = PBXFileReference; explicitFileType = wrapper.application; includeInIndex = 0; path = HumanResources.app; sourceTree = BUILT_PRODUCTS_DIR; };
		A0FB4052222517090052EA32 /* AppDelegate.swift */ = {isa = PBXFileReference; lastKnownFileType = sourcecode.swift; path = AppDelegate.swift; sourceTree = "<group>"; };
		A0FB4054222517090052EA32 /* ViewController.swift */ = {isa = PBXFileReference; lastKnownFileType = sourcecode.swift; path = ViewController.swift; sourceTree = "<group>"; };
		A0FB4057222517090052EA32 /* Base */ = {isa = PBXFileReference; lastKnownFileType = file.storyboard; name = Base; path = Base.lproj/Main.storyboard; sourceTree = "<group>"; };
		A0FB40592225170B0052EA32 /* Assets.xcassets */ = {isa = PBXFileReference; lastKnownFileType = folder.assetcatalog; path = Assets.xcassets; sourceTree = "<group>"; };
		A0FB405C2225170B0052EA32 /* Base */ = {isa = PBXFileReference; lastKnownFileType = file.storyboard; name = Base; path = Base.lproj/LaunchScreen.storyboard; sourceTree = "<group>"; };
		A0FB405E2225170B0052EA32 /* Info.plist */ = {isa = PBXFileReference; lastKnownFileType = text.plist.xml; path = Info.plist; sourceTree = "<group>"; };
		A0FB409022251B400052EA32 /* DepartmentListVC.swift */ = {isa = PBXFileReference; lastKnownFileType = sourcecode.swift; path = DepartmentListVC.swift; sourceTree = "<group>"; };
		A0FB409222251B6F0052EA32 /* EmployeeListVC.swift */ = {isa = PBXFileReference; lastKnownFileType = sourcecode.swift; path = EmployeeListVC.swift; sourceTree = "<group>"; };
		A0FB409422251F690052EA32 /* hr.sqlite */ = {isa = PBXFileReference; lastKnownFileType = file; path = hr.sqlite; sourceTree = "<group>"; };
		A0FB4096222520040052EA32 /* DepartmentDAO.swift */ = {isa = PBXFileReference; lastKnownFileType = sourcecode.swift; path = DepartmentDAO.swift; sourceTree = "<group>"; };
		A0FB40982225340D0052EA32 /* EmployeeDAO.swift */ = {isa = PBXFileReference; lastKnownFileType = sourcecode.swift; path = EmployeeDAO.swift; sourceTree = "<group>"; };
		A0FB75502226620600765CB1 /* DepartPickerVC.swift */ = {isa = PBXFileReference; lastKnownFileType = sourcecode.swift; path = DepartPickerVC.swift; sourceTree = "<group>"; };
		A0FB75522226779E00765CB1 /* DepartmentInfoVC.swift */ = {isa = PBXFileReference; lastKnownFileType = sourcecode.swift; path = DepartmentInfoVC.swift; sourceTree = "<group>"; };
		A0FB75602226A63B00765CB1 /* libsqlite3.tbd */ = {isa = PBXFileReference; lastKnownFileType = "sourcecode.text-based-dylib-definition"; name = libsqlite3.tbd; path = usr/lib/libsqlite3.tbd; sourceTree = SDKROOT; };
		A0FB75632226A68700765CB1 /* FMDatabaseQueue.h */ = {isa = PBXFileReference; fileEncoding = 4; lastKnownFileType = sourcecode.c.h; path = FMDatabaseQueue.h; sourceTree = "<group>"; };
		A0FB75642226A68700765CB1 /* FMDB.h */ = {isa = PBXFileReference; fileEncoding = 4; lastKnownFileType = sourcecode.c.h; path = FMDB.h; sourceTree = "<group>"; };
		A0FB75652226A68700765CB1 /* FMResultSet.m */ = {isa = PBXFileReference; fileEncoding = 4; lastKnownFileType = sourcecode.c.objc; path = FMResultSet.m; sourceTree = "<group>"; };
		A0FB75662226A68700765CB1 /* FMDatabase.m */ = {isa = PBXFileReference; fileEncoding = 4; lastKnownFileType = sourcecode.c.objc; path = FMDatabase.m; sourceTree = "<group>"; };
		A0FB75672226A68700765CB1 /* FMDatabasePool.m */ = {isa = PBXFileReference; fileEncoding = 4; lastKnownFileType = sourcecode.c.objc; path = FMDatabasePool.m; sourceTree = "<group>"; };
		A0FB75682226A68700765CB1 /* FMResultSet.h */ = {isa = PBXFileReference; fileEncoding = 4; lastKnownFileType = sourcecode.c.h; path = FMResultSet.h; sourceTree = "<group>"; };
		A0FB75692226A68700765CB1 /* FMDatabaseAdditions.m */ = {isa = PBXFileReference; fileEncoding = 4; lastKnownFileType = sourcecode.c.objc; path = FMDatabaseAdditions.m; sourceTree = "<group>"; };
		A0FB756A2226A68700765CB1 /* FMDatabasePool.h */ = {isa = PBXFileReference; fileEncoding = 4; lastKnownFileType = sourcecode.c.h; path = FMDatabasePool.h; sourceTree = "<group>"; };
		A0FB756B2226A68700765CB1 /* FMDatabaseAdditions.h */ = {isa = PBXFileReference; fileEncoding = 4; lastKnownFileType = sourcecode.c.h; path = FMDatabaseAdditions.h; sourceTree = "<group>"; };
		A0FB756C2226A68700765CB1 /* FMDatabase.h */ = {isa = PBXFileReference; fileEncoding = 4; lastKnownFileType = sourcecode.c.h; path = FMDatabase.h; sourceTree = "<group>"; };
		A0FB756D2226A68700765CB1 /* FMDatabaseQueue.m */ = {isa = PBXFileReference; fileEncoding = 4; lastKnownFileType = sourcecode.c.objc; path = FMDatabaseQueue.m; sourceTree = "<group>"; };
		A0FB75732226A6A200765CB1 /* Bridging-Header.h */ = {isa = PBXFileReference; lastKnownFileType = sourcecode.c.h; path = "Bridging-Header.h"; sourceTree = "<group>"; };
/* End PBXFileReference section */

/* Begin PBXFrameworksBuildPhase section */
		A0FB404C222517090052EA32 /* Frameworks */ = {
			isa = PBXFrameworksBuildPhase;
			buildActionMask = 2147483647;
			files = (
				A0FB75612226A63B00765CB1 /* libsqlite3.tbd in Frameworks */,
			);
			runOnlyForDeploymentPostprocessing = 0;
		};
/* End PBXFrameworksBuildPhase section */

/* Begin PBXGroup section */
		A0FB4046222517090052EA32 = {
			isa = PBXGroup;
			children = (
				A0FB75622226A66000765CB1 /* fmdb */,
				A0FB4051222517090052EA32 /* HumanResources */,
				A0FB4050222517090052EA32 /* Products */,
				A0FB755F2226A63B00765CB1 /* Frameworks */,
			);
			sourceTree = "<group>";
		};
		A0FB4050222517090052EA32 /* Products */ = {
			isa = PBXGroup;
			children = (
				A0FB404F222517090052EA32 /* HumanResources.app */,
			);
			name = Products;
			sourceTree = "<group>";
		};
		A0FB4051222517090052EA32 /* HumanResources */ = {
			isa = PBXGroup;
			children = (
				A0FB4052222517090052EA32 /* AppDelegate.swift */,
				A0FB4096222520040052EA32 /* DepartmentDAO.swift */,
				A0FB40982225340D0052EA32 /* EmployeeDAO.swift */,
				A0FB4054222517090052EA32 /* ViewController.swift */,
				A0FB409422251F690052EA32 /* hr.sqlite */,
				A0FB4056222517090052EA32 /* Main.storyboard */,
				A0FB75522226779E00765CB1 /* DepartmentInfoVC.swift */,
				A0FB409022251B400052EA32 /* DepartmentListVC.swift */,
				A0FB409222251B6F0052EA32 /* EmployeeListVC.swift */,
				A0FB75502226620600765CB1 /* DepartPickerVC.swift */,
				A0FB40592225170B0052EA32 /* Assets.xcassets */,
				A0FB405B2225170B0052EA32 /* LaunchScreen.storyboard */,
				A0FB405E2225170B0052EA32 /* Info.plist */,
			);
			path = HumanResources;
			sourceTree = "<group>";
		};
		A0FB755F2226A63B00765CB1 /* Frameworks */ = {
			isa = PBXGroup;
			children = (
				A0FB75602226A63B00765CB1 /* libsqlite3.tbd */,
			);
			name = Frameworks;
			sourceTree = "<group>";
		};
		A0FB75622226A66000765CB1 /* fmdb */ = {
			isa = PBXGroup;
			children = (
				A0FB756C2226A68700765CB1 /* FMDatabase.h */,
				A0FB75662226A68700765CB1 /* FMDatabase.m */,
				A0FB756B2226A68700765CB1 /* FMDatabaseAdditions.h */,
				A0FB75692226A68700765CB1 /* FMDatabaseAdditions.m */,
				A0FB756A2226A68700765CB1 /* FMDatabasePool.h */,
				A0FB75672226A68700765CB1 /* FMDatabasePool.m */,
				A0FB75632226A68700765CB1 /* FMDatabaseQueue.h */,
				A0FB756D2226A68700765CB1 /* FMDatabaseQueue.m */,
				A0FB75642226A68700765CB1 /* FMDB.h */,
				A0FB75682226A68700765CB1 /* FMResultSet.h */,
				A0FB75652226A68700765CB1 /* FMResultSet.m */,
				A0FB75732226A6A200765CB1 /* Bridging-Header.h */,
			);
			path = fmdb;
			sourceTree = "<group>";
		};
/* End PBXGroup section */

/* Begin PBXNativeTarget section */
		A0FB404E222517090052EA32 /* HumanResources */ = {
			isa = PBXNativeTarget;
			buildConfigurationList = A0FB40612225170B0052EA32 /* Build configuration list for PBXNativeTarget "HumanResources" */;
			buildPhases = (
				A0FB404B222517090052EA32 /* Sources */,
				A0FB404C222517090052EA32 /* Frameworks */,
				A0FB404D222517090052EA32 /* Resources */,
			);
			buildRules = (
			);
			dependencies = (
			);
			name = HumanResources;
			productName = HumanResources;
			productReference = A0FB404F222517090052EA32 /* HumanResources.app */;
			productType = "com.apple.product-type.application";
		};
/* End PBXNativeTarget section */

/* Begin PBXProject section */
		A0FB4047222517090052EA32 /* Project object */ = {
			isa = PBXProject;
			attributes = {
				LastSwiftUpdateCheck = 1010;
				LastUpgradeCheck = 1010;
				ORGANIZATIONNAME = Kiwook;
				TargetAttributes = {
					A0FB404E222517090052EA32 = {
						CreatedOnToolsVersion = 10.1;
						LastSwiftMigration = 1010;
					};
				};
			};
			buildConfigurationList = A0FB404A222517090052EA32 /* Build configuration list for PBXProject "HumanResources" */;
			compatibilityVersion = "Xcode 9.3";
			developmentRegion = en;
			hasScannedForEncodings = 0;
			knownRegions = (
				en,
				Base,
			);
			mainGroup = A0FB4046222517090052EA32;
			productRefGroup = A0FB4050222517090052EA32 /* Products */;
			projectDirPath = "";
			projectRoot = "";
			targets = (
				A0FB404E222517090052EA32 /* HumanResources */,
			);
		};
/* End PBXProject section */

/* Begin PBXResourcesBuildPhase section */
		A0FB404D222517090052EA32 /* Resources */ = {
			isa = PBXResourcesBuildPhase;
			buildActionMask = 2147483647;
			files = (
				A0FB405D2225170B0052EA32 /* LaunchScreen.storyboard in Resources */,
				A0FB405A2225170B0052EA32 /* Assets.xcassets in Resources */,
				A0FB4058222517090052EA32 /* Main.storyboard in Resources */,
				A0FB409522251F690052EA32 /* hr.sqlite in Resources */,
			);
			runOnlyForDeploymentPostprocessing = 0;
		};
/* End PBXResourcesBuildPhase section */

/* Begin PBXSourcesBuildPhase section */
		A0FB404B222517090052EA32 /* Sources */ = {
			isa = PBXSourcesBuildPhase;
			buildActionMask = 2147483647;
			files = (
				A0FB4055222517090052EA32 /* ViewController.swift in Sources */,
				A0FB75532226779E00765CB1 /* DepartmentInfoVC.swift in Sources */,
				A0FB40992225340D0052EA32 /* EmployeeDAO.swift in Sources */,
				A0FB756F2226A68700765CB1 /* FMDatabase.m in Sources */,
				A0FB75722226A68700765CB1 /* FMDatabaseQueue.m in Sources */,
				A0FB75512226620600765CB1 /* DepartPickerVC.swift in Sources */,
				A0FB75702226A68700765CB1 /* FMDatabasePool.m in Sources */,
				A0FB4097222520040052EA32 /* DepartmentDAO.swift in Sources */,
				A0FB409122251B400052EA32 /* DepartmentListVC.swift in Sources */,
				A0FB756E2226A68700765CB1 /* FMResultSet.m in Sources */,
				A0FB4053222517090052EA32 /* AppDelegate.swift in Sources */,
				A0FB409322251B6F0052EA32 /* EmployeeListVC.swift in Sources */,
				A0FB75712226A68700765CB1 /* FMDatabaseAdditions.m in Sources */,
			);
			runOnlyForDeploymentPostprocessing = 0;
		};
/* End PBXSourcesBuildPhase section */

/* Begin PBXVariantGroup section */
		A0FB4056222517090052EA32 /* Main.storyboard */ = {
			isa = PBXVariantGroup;
			children = (
				A0FB4057222517090052EA32 /* Base */,
			);
			name = Main.storyboard;
			sourceTree = "<group>";
		};
		A0FB405B2225170B0052EA32 /* LaunchScreen.storyboard */ = {
			isa = PBXVariantGroup;
			children = (
				A0FB405C2225170B0052EA32 /* Base */,
			);
			name = LaunchScreen.storyboard;
			sourceTree = "<group>";
		};
/* End PBXVariantGroup section */

/* Begin XCBuildConfiguration section */
		A0FB405F2225170B0052EA32 /* Debug */ = {
			isa = XCBuildConfiguration;
			buildSettings = {
				ALWAYS_SEARCH_USER_PATHS = NO;
				CLANG_ANALYZER_NONNULL = YES;
				CLANG_ANALYZER_NUMBER_OBJECT_CONVERSION = YES_AGGRESSIVE;
				CLANG_CXX_LANGUAGE_STANDARD = "gnu++14";
				CLANG_CXX_LIBRARY = "libc++";
				CLANG_ENABLE_MODULES = YES;
				CLANG_ENABLE_OBJC_ARC = YES;
				CLANG_ENABLE_OBJC_WEAK = YES;
				CLANG_WARN_BLOCK_CAPTURE_AUTORELEASING = YES;
				CLANG_WARN_BOOL_CONVERSION = YES;
				CLANG_WARN_COMMA = YES;
				CLANG_WARN_CONSTANT_CONVERSION = YES;
				CLANG_WARN_DEPRECATED_OBJC_IMPLEMENTATIONS = YES;
				CLANG_WARN_DIRECT_OBJC_ISA_USAGE = YES_ERROR;
				CLANG_WARN_DOCUMENTATION_COMMENTS = YES;
				CLANG_WARN_EMPTY_BODY = YES;
				CLANG_WARN_ENUM_CONVERSION = YES;
				CLANG_WARN_INFINITE_RECURSION = YES;
				CLANG_WARN_INT_CONVERSION = YES;
				CLANG_WARN_NON_LITERAL_NULL_CONVERSION = YES;
				CLANG_WARN_OBJC_IMPLICIT_RETAIN_SELF = YES;
				CLANG_WARN_OBJC_LITERAL_CONVERSION = YES;
				CLANG_WARN_OBJC_ROOT_CLASS = YES_ERROR;
				CLANG_WARN_RANGE_LOOP_ANALYSIS = YES;
				CLANG_WARN_STRICT_PROTOTYPES = YES;
				CLANG_WARN_SUSPICIOUS_MOVE = YES;
				CLANG_WARN_UNGUARDED_AVAILABILITY = YES_AGGRESSIVE;
				CLANG_WARN_UNREACHABLE_CODE = YES;
				CLANG_WARN__DUPLICATE_METHOD_MATCH = YES;
				CODE_SIGN_IDENTITY = "iPhone Developer";
				COPY_PHASE_STRIP = NO;
				DEBUG_INFORMATION_FORMAT = dwarf;
				ENABLE_STRICT_OBJC_MSGSEND = YES;
				ENABLE_TESTABILITY = YES;
				GCC_C_LANGUAGE_STANDARD = gnu11;
				GCC_DYNAMIC_NO_PIC = NO;
				GCC_NO_COMMON_BLOCKS = YES;
				GCC_OPTIMIZATION_LEVEL = 0;
				GCC_PREPROCESSOR_DEFINITIONS = (
					"DEBUG=1",
					"$(inherited)",
				);
				GCC_WARN_64_TO_32_BIT_CONVERSION = YES;
				GCC_WARN_ABOUT_RETURN_TYPE = YES_ERROR;
				GCC_WARN_UNDECLARED_SELECTOR = YES;
				GCC_WARN_UNINITIALIZED_AUTOS = YES_AGGRESSIVE;
				GCC_WARN_UNUSED_FUNCTION = YES;
				GCC_WARN_UNUSED_VARIABLE = YES;
				IPHONEOS_DEPLOYMENT_TARGET = 12.1;
				MTL_ENABLE_DEBUG_INFO = INCLUDE_SOURCE;
				MTL_FAST_MATH = YES;
				ONLY_ACTIVE_ARCH = YES;
				SDKROOT = iphoneos;
				SWIFT_ACTIVE_COMPILATION_CONDITIONS = DEBUG;
				SWIFT_OPTIMIZATION_LEVEL = "-Onone";
			};
			name = Debug;
		};
		A0FB40602225170B0052EA32 /* Release */ = {
			isa = XCBuildConfiguration;
			buildSettings = {
				ALWAYS_SEARCH_USER_PATHS = NO;
				CLANG_ANALYZER_NONNULL = YES;
				CLANG_ANALYZER_NUMBER_OBJECT_CONVERSION = YES_AGGRESSIVE;
				CLANG_CXX_LANGUAGE_STANDARD = "gnu++14";
				CLANG_CXX_LIBRARY = "libc++";
				CLANG_ENABLE_MODULES = YES;
				CLANG_ENABLE_OBJC_ARC = YES;
				CLANG_ENABLE_OBJC_WEAK = YES;
				CLANG_WARN_BLOCK_CAPTURE_AUTORELEASING = YES;
				CLANG_WARN_BOOL_CONVERSION = YES;
				CLANG_WARN_COMMA = YES;
				CLANG_WARN_CONSTANT_CONVERSION = YES;
				CLANG_WARN_DEPRECATED_OBJC_IMPLEMENTATIONS = YES;
				CLANG_WARN_DIRECT_OBJC_ISA_USAGE = YES_ERROR;
				CLANG_WARN_DOCUMENTATION_COMMENTS = YES;
				CLANG_WARN_EMPTY_BODY = YES;
				CLANG_WARN_ENUM_CONVERSION = YES;
				CLANG_WARN_INFINITE_RECURSION = YES;
				CLANG_WARN_INT_CONVERSION = YES;
				CLANG_WARN_NON_LITERAL_NULL_CONVERSION = YES;
				CLANG_WARN_OBJC_IMPLICIT_RETAIN_SELF = YES;
				CLANG_WARN_OBJC_LITERAL_CONVERSION = YES;
				CLANG_WARN_OBJC_ROOT_CLASS = YES_ERROR;
				CLANG_WARN_RANGE_LOOP_ANALYSIS = YES;
				CLANG_WARN_STRICT_PROTOTYPES = YES;
				CLANG_WARN_SUSPICIOUS_MOVE = YES;
				CLANG_WARN_UNGUARDED_AVAILABILITY = YES_AGGRESSIVE;
				CLANG_WARN_UNREACHABLE_CODE = YES;
				CLANG_WARN__DUPLICATE_METHOD_MATCH = YES;
				CODE_SIGN_IDENTITY = "iPhone Developer";
				COPY_PHASE_STRIP = NO;
				DEBUG_INFORMATION_FORMAT = "dwarf-with-dsym";
				ENABLE_NS_ASSERTIONS = NO;
				ENABLE_STRICT_OBJC_MSGSEND = YES;
				GCC_C_LANGUAGE_STANDARD = gnu11;
				GCC_NO_COMMON_BLOCKS = YES;
				GCC_WARN_64_TO_32_BIT_CONVERSION = YES;
				GCC_WARN_ABOUT_RETURN_TYPE = YES_ERROR;
				GCC_WARN_UNDECLARED_SELECTOR = YES;
				GCC_WARN_UNINITIALIZED_AUTOS = YES_AGGRESSIVE;
				GCC_WARN_UNUSED_FUNCTION = YES;
				GCC_WARN_UNUSED_VARIABLE = YES;
				IPHONEOS_DEPLOYMENT_TARGET = 12.1;
				MTL_ENABLE_DEBUG_INFO = NO;
				MTL_FAST_MATH = YES;
				SDKROOT = iphoneos;
				SWIFT_COMPILATION_MODE = wholemodule;
				SWIFT_OPTIMIZATION_LEVEL = "-O";
				VALIDATE_PRODUCT = YES;
			};
			name = Release;
		};
		A0FB40622225170B0052EA32 /* Debug */ = {
			isa = XCBuildConfiguration;
			buildSettings = {
				ASSETCATALOG_COMPILER_APPICON_NAME = AppIcon;
				CLANG_ENABLE_MODULES = YES;
				CODE_SIGN_STYLE = Automatic;
				DEVELOPMENT_TEAM = HZ26D79YNZ;
				INFOPLIST_FILE = HumanResources/Info.plist;
				LD_RUNPATH_SEARCH_PATHS = (
					"$(inherited)",
					"@executable_path/Frameworks",
				);
				PRODUCT_BUNDLE_IDENTIFIER = "Kiwook-Swift.HumanResources";
				PRODUCT_NAME = "$(TARGET_NAME)";
				SWIFT_OBJC_BRIDGING_HEADER = "fmdb/Bridging-Header.h";
				SWIFT_OPTIMIZATION_LEVEL = "-Onone";
				SWIFT_VERSION = 4.2;
				TARGETED_DEVICE_FAMILY = "1,2";
			};
			name = Debug;
		};
		A0FB40632225170B0052EA32 /* Release */ = {
			isa = XCBuildConfiguration;
			buildSettings = {
				ASSETCATALOG_COMPILER_APPICON_NAME = AppIcon;
				CLANG_ENABLE_MODULES = YES;
				CODE_SIGN_STYLE = Automatic;
				DEVELOPMENT_TEAM = HZ26D79YNZ;
				INFOPLIST_FILE = HumanResources/Info.plist;
				LD_RUNPATH_SEARCH_PATHS = (
					"$(inherited)",
					"@executable_path/Frameworks",
				);
				PRODUCT_BUNDLE_IDENTIFIER = "Kiwook-Swift.HumanResources";
				PRODUCT_NAME = "$(TARGET_NAME)";
				SWIFT_OBJC_BRIDGING_HEADER = "fmdb/Bridging-Header.h";
				SWIFT_VERSION = 4.2;
				TARGETED_DEVICE_FAMILY = "1,2";
			};
			name = Release;
		};
/* End XCBuildConfiguration section */

/* Begin XCConfigurationList section */
		A0FB404A222517090052EA32 /* Build configuration list for PBXProject "HumanResources" */ = {
			isa = XCConfigurationList;
			buildConfigurations = (
				A0FB405F2225170B0052EA32 /* Debug */,
				A0FB40602225170B0052EA32 /* Release */,
			);
			defaultConfigurationIsVisible = 0;
			defaultConfigurationName = Release;
		};
		A0FB40612225170B0052EA32 /* Build configuration list for PBXNativeTarget "HumanResources" */ = {
			isa = XCConfigurationList;
			buildConfigurations = (
				A0FB40622225170B0052EA32 /* Debug */,
				A0FB40632225170B0052EA32 /* Release */,
			);
			defaultConfigurationIsVisible = 0;
			defaultConfigurationName = Release;
		};
/* End XCConfigurationList section */
	};
	rootObject = A0FB4047222517090052EA32 /* Project object */;
}
